
Microsoft Visual Studio Solution File, Format Version 12.00
# Visual Studio Version 17
VisualStudioVersion = 17.14.36518.9
MinimumVisualStudioVersion = 10.0.40219.1
Project("{FAE04EC0-301F-11D3-BF4B-00C04F79EFBC}") = "CAMC.Temperatura", "CAMC.Temperatura\CAMC.Temperatura.csproj", "{A713E4CA-19D5-421B-83FC-0A8C94E17C74}"
EndProject
Project("{FAE04EC0-301F-11D3-BF4B-00C04F79EFBC}") = "CAMC.Temperatura.MSTest", "CAMC.Temperatura.MSTest\CAMC.Temperatura.MSTest.csproj", "{FFA9EDBA-4D27-4B7F-BB9F-68DAC78C2F0E}"
EndProject
Project("{FAE04EC0-301F-11D3-BF4B-00C04F79EFBC}") = "CAMC.Temperatura.UnitTest", "CAMC.Temperatura.UnitTest\CAMC.Temperatura.UnitTest.csproj", "{94CA8A10-98CB-4604-83AC-5E9641A09D9B}"
EndProject
Global
	GlobalSection(SolutionConfigurationPlatforms) = preSolution
		Debug|Any CPU = Debug|Any CPU
		Release|Any CPU = Release|Any CPU
	EndGlobalSection
	GlobalSection(ProjectConfigurationPlatforms) = postSolution
		{A713E4CA-19D5-421B-83FC-0A8C94E17C74}.Debug|Any CPU.ActiveCfg = Debug|Any CPU
		{A713E4CA-19D5-421B-83FC-0A8C94E17C74}.Debug|Any CPU.Build.0 = Debug|Any CPU
		{A713E4CA-19D5-421B-83FC-0A8C94E17C74}.Release|Any CPU.ActiveCfg = Release|Any CPU
		{A713E4CA-19D5-421B-83FC-0A8C94E17C74}.Release|Any CPU.Build.0 = Release|Any CPU
		{FFA9EDBA-4D27-4B7F-BB9F-68DAC78C2F0E}.Debug|Any CPU.ActiveCfg = Debug|Any CPU
		{FFA9EDBA-4D27-4B7F-BB9F-68DAC78C2F0E}.Debug|Any CPU.Build.0 = Debug|Any CPU
		{FFA9EDBA-4D27-4B7F-BB9F-68DAC78C2F0E}.Release|Any CPU.ActiveCfg = Release|Any CPU
		{FFA9EDBA-4D27-4B7F-BB9F-68DAC78C2F0E}.Release|Any CPU.Build.0 = Release|Any CPU
		{94CA8A10-98CB-4604-83AC-5E9641A09D9B}.Debug|Any CPU.ActiveCfg = Debug|Any CPU
		{94CA8A10-98CB-4604-83AC-5E9641A09D9B}.Debug|Any CPU.Build.0 = Debug|Any CPU
		{94CA8A10-98CB-4604-83AC-5E9641A09D9B}.Release|Any CPU.ActiveCfg = Release|Any CPU
		{94CA8A10-98CB-4604-83AC-5E9641A09D9B}.Release|Any CPU.Build.0 = Release|Any CPU
	EndGlobalSection
	GlobalSection(SolutionProperties) = preSolution
		HideSolutionNode = FALSE
	EndGlobalSection
	GlobalSection(ExtensibilityGlobals) = postSolution
		SolutionGuid = {6E4A53BE-9B9A-4627-A745-54A07A596394}
	EndGlobalSection
EndGlobal
